
Microsoft Visual Studio Solution File, Format Version 12.00
# Visual Studio Version 17
VisualStudioVersion = 17.5.002.0
MinimumVisualStudioVersion = 10.0.40219.1
Project("{9A19103F-16F7-4668-BE54-9A1E7A4F7556}") = "FA1", "FA1.csproj", "{491A06EC-6654-4FCF-A9F1-EFC40822FEF3}"
EndProject
Global
	GlobalSection(SolutionConfigurationPlatforms) = preSolution
		Debug|Any CPU = Debug|Any CPU
		Release|Any CPU = Release|Any CPU
	EndGlobalSection
	GlobalSection(ProjectConfigurationPlatforms) = postSolution
		{491A06EC-6654-4FCF-A9F1-EFC40822FEF3}.Debug|Any CPU.ActiveCfg = Debug|Any CPU
		{491A06EC-6654-4FCF-A9F1-EFC40822FEF3}.Debug|Any CPU.Build.0 = Debug|Any CPU
		{491A06EC-6654-4FCF-A9F1-EFC40822FEF3}.Release|Any CPU.ActiveCfg = Release|Any CPU
		{491A06EC-6654-4FCF-A9F1-EFC40822FEF3}.Release|Any CPU.Build.0 = Release|Any CPU
	EndGlobalSection
	GlobalSection(SolutionProperties) = preSolution
		HideSolutionNode = FALSE
	EndGlobalSection
	GlobalSection(ExtensibilityGlobals) = postSolution
		SolutionGuid = {31FB669D-59A4-4633-8FA4-03948A6674D1}
	EndGlobalSection
EndGlobal
